
Microsoft Visual Studio Solution File, Format Version 12.00
# Visual Studio 15
VisualStudioVersion = 15.0.26403.7
MinimumVisualStudioVersion = 10.0.40219.1
Project("{8BC9CEB8-8B4A-11D0-8D11-00A0C91BC942}") = "libairt", "libairt\libairt.vcxproj", "{960F786F-E4BE-4A03-84A8-B971B8ED2C6B}"
EndProject
Project("{8BC9CEB8-8B4A-11D0-8D11-00A0C91BC942}") = "test1", "test1\test1.vcxproj", "{8CC46A99-031C-4162-B6FF-A27E667F827F}"
EndProject
Project("{8BC9CEB8-8B4A-11D0-8D11-00A0C91BC942}") = "gtest", "googletest\gtest.vcxproj", "{C8F6C172-56F2-4E76-B5FA-C3B423B31BE7}"
EndProject
Project("{8BC9CEB8-8B4A-11D0-8D11-00A0C91BC942}") = "cgi", "cgi\cgi.vcxproj", "{796D00BF-2C72-4705-A7B7-50FCCD10FB3F}"
EndProject
Global
	GlobalSection(SolutionConfigurationPlatforms) = preSolution
		Debug|x64 = Debug|x64
		Debug|x86 = Debug|x86
		Release|x64 = Release|x64
		Release|x86 = Release|x86
	EndGlobalSection
	GlobalSection(ProjectConfigurationPlatforms) = postSolution
		{960F786F-E4BE-4A03-84A8-B971B8ED2C6B}.Debug|x64.ActiveCfg = Debug|Win32
		{960F786F-E4BE-4A03-84A8-B971B8ED2C6B}.Debug|x64.Build.0 = Debug|Win32
		{960F786F-E4BE-4A03-84A8-B971B8ED2C6B}.Debug|x86.ActiveCfg = Debug|Win32
		{960F786F-E4BE-4A03-84A8-B971B8ED2C6B}.Debug|x86.Build.0 = Debug|Win32
		{960F786F-E4BE-4A03-84A8-B971B8ED2C6B}.Release|x64.ActiveCfg = Debug|Win32
		{960F786F-E4BE-4A03-84A8-B971B8ED2C6B}.Release|x64.Build.0 = Debug|Win32
		{960F786F-E4BE-4A03-84A8-B971B8ED2C6B}.Release|x86.ActiveCfg = Debug|Win32
		{960F786F-E4BE-4A03-84A8-B971B8ED2C6B}.Release|x86.Build.0 = Debug|Win32
		{8CC46A99-031C-4162-B6FF-A27E667F827F}.Debug|x64.ActiveCfg = Debug|Win32
		{8CC46A99-031C-4162-B6FF-A27E667F827F}.Debug|x64.Build.0 = Debug|Win32
		{8CC46A99-031C-4162-B6FF-A27E667F827F}.Debug|x86.ActiveCfg = Debug|Win32
		{8CC46A99-031C-4162-B6FF-A27E667F827F}.Debug|x86.Build.0 = Debug|Win32
		{8CC46A99-031C-4162-B6FF-A27E667F827F}.Release|x64.ActiveCfg = Debug|Win32
		{8CC46A99-031C-4162-B6FF-A27E667F827F}.Release|x64.Build.0 = Debug|Win32
		{8CC46A99-031C-4162-B6FF-A27E667F827F}.Release|x86.ActiveCfg = Debug|Win32
		{8CC46A99-031C-4162-B6FF-A27E667F827F}.Release|x86.Build.0 = Debug|Win32
		{C8F6C172-56F2-4E76-B5FA-C3B423B31BE7}.Debug|x64.ActiveCfg = Debug|Win32
		{C8F6C172-56F2-4E76-B5FA-C3B423B31BE7}.Debug|x86.ActiveCfg = Debug|Win32
		{C8F6C172-56F2-4E76-B5FA-C3B423B31BE7}.Debug|x86.Build.0 = Debug|Win32
		{C8F6C172-56F2-4E76-B5FA-C3B423B31BE7}.Release|x64.ActiveCfg = Debug|Win32
		{C8F6C172-56F2-4E76-B5FA-C3B423B31BE7}.Release|x86.ActiveCfg = Debug|Win32
		{C8F6C172-56F2-4E76-B5FA-C3B423B31BE7}.Release|x86.Build.0 = Debug|Win32
		{796D00BF-2C72-4705-A7B7-50FCCD10FB3F}.Debug|x64.ActiveCfg = Debug|Win32
		{796D00BF-2C72-4705-A7B7-50FCCD10FB3F}.Debug|x64.Build.0 = Debug|Win32
		{796D00BF-2C72-4705-A7B7-50FCCD10FB3F}.Debug|x86.ActiveCfg = Debug|Win32
		{796D00BF-2C72-4705-A7B7-50FCCD10FB3F}.Debug|x86.Build.0 = Debug|Win32
		{796D00BF-2C72-4705-A7B7-50FCCD10FB3F}.Release|x64.ActiveCfg = Debug|Win32
		{796D00BF-2C72-4705-A7B7-50FCCD10FB3F}.Release|x64.Build.0 = Debug|Win32
		{796D00BF-2C72-4705-A7B7-50FCCD10FB3F}.Release|x86.ActiveCfg = Debug|Win32
		{796D00BF-2C72-4705-A7B7-50FCCD10FB3F}.Release|x86.Build.0 = Debug|Win32
	EndGlobalSection
	GlobalSection(SolutionProperties) = preSolution
		HideSolutionNode = FALSE
	EndGlobalSection
EndGlobal
